
Microsoft Visual Studio Solution File, Format Version 12.00
# Visual Studio Version 16
VisualStudioVersion = 16.0.32602.291
MinimumVisualStudioVersion = 10.0.40219.1
Project("{9A19103F-16F7-4668-BE54-9A1E7A4F7556}") = "DataAccess", "DataAccess\DataAccess.csproj", "{104115B7-51E9-4414-B6B7-500C3C9C3325}"
EndProject
Project("{9A19103F-16F7-4668-BE54-9A1E7A4F7556}") = "Business", "Business\Business.csproj", "{CAC1E437-FF05-4D10-B8E4-519C02630D4D}"
EndProject
Project("{9A19103F-16F7-4668-BE54-9A1E7A4F7556}") = "Entities", "Entities\Entities.csproj", "{04DDE63F-B595-4EB1-877C-B906BA4E1E80}"
EndProject
Project("{9A19103F-16F7-4668-BE54-9A1E7A4F7556}") = "ConsoleUI", "ConsoleUI\ConsoleUI.csproj", "{EED7418F-E67C-4CCB-BE2E-90EC2BF299C7}"
EndProject
Project("{9A19103F-16F7-4668-BE54-9A1E7A4F7556}") = "Core", "Core1\Core.csproj", "{8E7B5858-DC9C-4078-A05A-0C1A3F58C7B2}"
EndProject
Global
	GlobalSection(SolutionConfigurationPlatforms) = preSolution
		Debug|Any CPU = Debug|Any CPU
		Release|Any CPU = Release|Any CPU
	EndGlobalSection
	GlobalSection(ProjectConfigurationPlatforms) = postSolution
		{104115B7-51E9-4414-B6B7-500C3C9C3325}.Debug|Any CPU.ActiveCfg = Debug|Any CPU
		{104115B7-51E9-4414-B6B7-500C3C9C3325}.Debug|Any CPU.Build.0 = Debug|Any CPU
		{104115B7-51E9-4414-B6B7-500C3C9C3325}.Release|Any CPU.ActiveCfg = Release|Any CPU
		{104115B7-51E9-4414-B6B7-500C3C9C3325}.Release|Any CPU.Build.0 = Release|Any CPU
		{CAC1E437-FF05-4D10-B8E4-519C02630D4D}.Debug|Any CPU.ActiveCfg = Debug|Any CPU
		{CAC1E437-FF05-4D10-B8E4-519C02630D4D}.Debug|Any CPU.Build.0 = Debug|Any CPU
		{CAC1E437-FF05-4D10-B8E4-519C02630D4D}.Release|Any CPU.ActiveCfg = Release|Any CPU
		{CAC1E437-FF05-4D10-B8E4-519C02630D4D}.Release|Any CPU.Build.0 = Release|Any CPU
		{04DDE63F-B595-4EB1-877C-B906BA4E1E80}.Debug|Any CPU.ActiveCfg = Debug|Any CPU
		{04DDE63F-B595-4EB1-877C-B906BA4E1E80}.Debug|Any CPU.Build.0 = Debug|Any CPU
		{04DDE63F-B595-4EB1-877C-B906BA4E1E80}.Release|Any CPU.ActiveCfg = Release|Any CPU
		{04DDE63F-B595-4EB1-877C-B906BA4E1E80}.Release|Any CPU.Build.0 = Release|Any CPU
		{EED7418F-E67C-4CCB-BE2E-90EC2BF299C7}.Debug|Any CPU.ActiveCfg = Debug|Any CPU
		{EED7418F-E67C-4CCB-BE2E-90EC2BF299C7}.Debug|Any CPU.Build.0 = Debug|Any CPU
		{EED7418F-E67C-4CCB-BE2E-90EC2BF299C7}.Release|Any CPU.ActiveCfg = Release|Any CPU
		{EED7418F-E67C-4CCB-BE2E-90EC2BF299C7}.Release|Any CPU.Build.0 = Release|Any CPU
		{8E7B5858-DC9C-4078-A05A-0C1A3F58C7B2}.Debug|Any CPU.ActiveCfg = Debug|Any CPU
		{8E7B5858-DC9C-4078-A05A-0C1A3F58C7B2}.Debug|Any CPU.Build.0 = Debug|Any CPU
		{8E7B5858-DC9C-4078-A05A-0C1A3F58C7B2}.Release|Any CPU.ActiveCfg = Release|Any CPU
		{8E7B5858-DC9C-4078-A05A-0C1A3F58C7B2}.Release|Any CPU.Build.0 = Release|Any CPU
	EndGlobalSection
	GlobalSection(SolutionProperties) = preSolution
		HideSolutionNode = FALSE
	EndGlobalSection
	GlobalSection(ExtensibilityGlobals) = postSolution
		SolutionGuid = {7F03EF33-E326-4352-B55D-5A851CE46432}
	EndGlobalSection
EndGlobal
